# Generated by buf. DO NOT EDIT.
version: v1
deps:
  - remote: buf.build
    owner: arya-analytics
    repository: arya-core-rpc
    commit: 5269c4dff70a480f97674a67b4c76679
  - remote: buf.build
    owner: googleapis
    repository: googleapis
    commit: 4d8df1fb1c354c2d8ae30ebb33211c94
  - remote: buf.build
    owner: srikrsna
    repository: protoc-gen-gotag
    commit: 04b38c6f540d4d2fa9cfd49ae01ae73b
